// !$*UTF8*$!
{
	archiveVersion = 1;
	classes = {
	};
	objectVersion = 46;
	objects = {

/* Begin PBXBuildFile section */
		89AF81731CCA96FA0030E6C1 /* main.m in Sources */ = {isa = PBXBuildFile; fileRef = 89AF81721CCA96FA0030E6C1 /* main.m */; };
		89AF81761CCA96FA0030E6C1 /* AppDelegate.m in Sources */ = {isa = PBXBuildFile; fileRef = 89AF81751CCA96FA0030E6C1 /* AppDelegate.m */; };
		89AF81791CCA96FA0030E6C1 /* ViewController.m in Sources */ = {isa = PBXBuildFile; fileRef = 89AF81781CCA96FA0030E6C1 /* ViewController.m */; };
		89AF817C1CCA96FA0030E6C1 /* Main.storyboard in Resources */ = {isa = PBXBuildFile; fileRef = 89AF817A1CCA96FA0030E6C1 /* Main.storyboard */; };
		89AF817F1CCA96FA0030E6C1 /* Coffeecalculator.xcdatamodeld in Sources */ = {isa = PBXBuildFile; fileRef = 89AF817D1CCA96FA0030E6C1 /* Coffeecalculator.xcdatamodeld */; };
		89AF81811CCA96FA0030E6C1 /* Assets.xcassets in Resources */ = {isa = PBXBuildFile; fileRef = 89AF81801CCA96FA0030E6C1 /* Assets.xcassets */; };
		89AF81841CCA96FA0030E6C1 /* LaunchScreen.storyboard in Resources */ = {isa = PBXBuildFile; fileRef = 89AF81821CCA96FA0030E6C1 /* LaunchScreen.storyboard */; };
		89AF818F1CCA96FA0030E6C1 /* CoffeecalculatorTests.m in Sources */ = {isa = PBXBuildFile; fileRef = 89AF818E1CCA96FA0030E6C1 /* CoffeecalculatorTests.m */; };
		89AF819A1CCA96FA0030E6C1 /* CoffeecalculatorUITests.m in Sources */ = {isa = PBXBuildFile; fileRef = 89AF81991CCA96FA0030E6C1 /* CoffeecalculatorUITests.m */; };
/* End PBXBuildFile section */

/* Begin PBXContainerItemProxy section */
		89AF818B1CCA96FA0030E6C1 /* PBXContainerItemProxy */ = {
			isa = PBXContainerItemProxy;
			containerPortal = 89AF81661CCA96FA0030E6C1 /* Project object */;
			proxyType = 1;
			remoteGlobalIDString = 89AF816D1CCA96FA0030E6C1;
			remoteInfo = Coffeecalculator;
		};
		89AF81961CCA96FA0030E6C1 /* PBXContainerItemProxy */ = {
			isa = PBXContainerItemProxy;
			containerPortal = 89AF81661CCA96FA0030E6C1 /* Project object */;
			proxyType = 1;
			remoteGlobalIDString = 89AF816D1CCA96FA0030E6C1;
			remoteInfo = Coffeecalculator;
		};
/* End PBXContainerItemProxy section */

/* Begin PBXFileReference section */
		89AF816E1CCA96FA0030E6C1 /* Coffeecalculator.app */ = {isa = PBXFileReference; explicitFileType = wrapper.application; includeInIndex = 0; path = Coffeecalculator.app; sourceTree = BUILT_PRODUCTS_DIR; };
		89AF81721CCA96FA0030E6C1 /* main.m */ = {isa = PBXFileReference; lastKnownFileType = sourcecode.c.objc; path = main.m; sourceTree = "<group>"; };
		89AF81741CCA96FA0030E6C1 /* AppDelegate.h */ = {isa = PBXFileReference; lastKnownFileType = sourcecode.c.h; path = AppDelegate.h; sourceTree = "<group>"; };
		89AF81751CCA96FA0030E6C1 /* AppDelegate.m */ = {isa = PBXFileReference; lastKnownFileType = sourcecode.c.objc; path = AppDelegate.m; sourceTree = "<group>"; };
		89AF81771CCA96FA0030E6C1 /* ViewController.h */ = {isa = PBXFileReference; lastKnownFileType = sourcecode.c.h; path = ViewController.h; sourceTree = "<group>"; };
		89AF81781CCA96FA0030E6C1 /* ViewController.m */ = {isa = PBXFileReference; lastKnownFileType = sourcecode.c.objc; path = ViewController.m; sourceTree = "<group>"; };
		89AF817B1CCA96FA0030E6C1 /* Base */ = {isa = PBXFileReference; lastKnownFileType = file.storyboard; name = Base; path = Base.lproj/Main.storyboard; sourceTree = "<group>"; };
		89AF817E1CCA96FA0030E6C1 /* Coffeecalculator.xcdatamodel */ = {isa = PBXFileReference; lastKnownFileType = wrapper.xcdatamodel; path = Coffeecalculator.xcdatamodel; sourceTree = "<group>"; };
		89AF81801CCA96FA0030E6C1 /* Assets.xcassets */ = {isa = PBXFileReference; lastKnownFileType = folder.assetcatalog; path = Assets.xcassets; sourceTree = "<group>"; };
		89AF81831CCA96FA0030E6C1 /* Base */ = {isa = PBXFileReference; lastKnownFileType = file.storyboard; name = Base; path = Base.lproj/LaunchScreen.storyboard; sourceTree = "<group>"; };
		89AF81851CCA96FA0030E6C1 /* Info.plist */ = {isa = PBXFileReference; lastKnownFileType = text.plist.xml; path = Info.plist; sourceTree = "<group>"; };
		89AF818A1CCA96FA0030E6C1 /* CoffeecalculatorTests.xctest */ = {isa = PBXFileReference; explicitFileType = wrapper.cfbundle; includeInIndex = 0; path = CoffeecalculatorTests.xctest; sourceTree = BUILT_PRODUCTS_DIR; };
		89AF818E1CCA96FA0030E6C1 /* CoffeecalculatorTests.m */ = {isa = PBXFileReference; lastKnownFileType = sourcecode.c.objc; path = CoffeecalculatorTests.m; sourceTree = "<group>"; };
		89AF81901CCA96FA0030E6C1 /* Info.plist */ = {isa = PBXFileReference; lastKnownFileType = text.plist.xml; path = Info.plist; sourceTree = "<group>"; };
		89AF81951CCA96FA0030E6C1 /* CoffeecalculatorUITests.xctest */ = {isa = PBXFileReference; explicitFileType = wrapper.cfbundle; includeInIndex = 0; path = CoffeecalculatorUITests.xctest; sourceTree = BUILT_PRODUCTS_DIR; };
		89AF81991CCA96FA0030E6C1 /* CoffeecalculatorUITests.m */ = {isa = PBXFileReference; lastKnownFileType = sourcecode.c.objc; path = CoffeecalculatorUITests.m; sourceTree = "<group>"; };
		89AF819B1CCA96FA0030E6C1 /* Info.plist */ = {isa = PBXFileReference; lastKnownFileType = text.plist.xml; path = Info.plist; sourceTree = "<group>"; };
/* End PBXFileReference section */

/* Begin PBXFrameworksBuildPhase section */
		89AF816B1CCA96FA0030E6C1 /* Frameworks */ = {
			isa = PBXFrameworksBuildPhase;
			buildActionMask = 2147483647;
			files = (
			);
			runOnlyForDeploymentPostprocessing = 0;
		};
		89AF81871CCA96FA0030E6C1 /* Frameworks */ = {
			isa = PBXFrameworksBuildPhase;
			buildActionMask = 2147483647;
			files = (
			);
			runOnlyForDeploymentPostprocessing = 0;
		};
		89AF81921CCA96FA0030E6C1 /* Frameworks */ = {
			isa = PBXFrameworksBuildPhase;
			buildActionMask = 2147483647;
			files = (
			);
			runOnlyForDeploymentPostprocessing = 0;
		};
/* End PBXFrameworksBuildPhase section */

/* Begin PBXGroup section */
		89AF81651CCA96FA0030E6C1 = {
			isa = PBXGroup;
			children = (
				89AF81701CCA96FA0030E6C1 /* Coffeecalculator */,
				89AF818D1CCA96FA0030E6C1 /* CoffeecalculatorTests */,
				89AF81981CCA96FA0030E6C1 /* CoffeecalculatorUITests */,
				89AF816F1CCA96FA0030E6C1 /* Products */,
			);
			sourceTree = "<group>";
		};
		89AF816F1CCA96FA0030E6C1 /* Products */ = {
			isa = PBXGroup;
			children = (
				89AF816E1CCA96FA0030E6C1 /* Coffeecalculator.app */,
				89AF818A1CCA96FA0030E6C1 /* CoffeecalculatorTests.xctest */,
				89AF81951CCA96FA0030E6C1 /* CoffeecalculatorUITests.xctest */,
			);
			name = Products;
			sourceTree = "<group>";
		};
		89AF81701CCA96FA0030E6C1 /* Coffeecalculator */ = {
			isa = PBXGroup;
			children = (
				89AF81741CCA96FA0030E6C1 /* AppDelegate.h */,
				89AF81751CCA96FA0030E6C1 /* AppDelegate.m */,
				89AF81771CCA96FA0030E6C1 /* ViewController.h */,
				89AF81781CCA96FA0030E6C1 /* ViewController.m */,
				89AF817A1CCA96FA0030E6C1 /* Main.storyboard */,
				89AF81801CCA96FA0030E6C1 /* Assets.xcassets */,
				89AF81821CCA96FA0030E6C1 /* LaunchScreen.storyboard */,
				89AF81851CCA96FA0030E6C1 /* Info.plist */,
				89AF817D1CCA96FA0030E6C1 /* Coffeecalculator.xcdatamodeld */,
				89AF81711CCA96FA0030E6C1 /* Supporting Files */,
			);
			path = Coffeecalculator;
			sourceTree = "<group>";
		};
		89AF81711CCA96FA0030E6C1 /* Supporting Files */ = {
			isa = PBXGroup;
			children = (
				89AF81721CCA96FA0030E6C1 /* main.m */,
			);
			name = "Supporting Files";
			sourceTree = "<group>";
		};
		89AF818D1CCA96FA0030E6C1 /* CoffeecalculatorTests */ = {
			isa = PBXGroup;
			children = (
				89AF818E1CCA96FA0030E6C1 /* CoffeecalculatorTests.m */,
				89AF81901CCA96FA0030E6C1 /* Info.plist */,
			);
			path = CoffeecalculatorTests;
			sourceTree = "<group>";
		};
		89AF81981CCA96FA0030E6C1 /* CoffeecalculatorUITests */ = {
			isa = PBXGroup;
			children = (
				89AF81991CCA96FA0030E6C1 /* CoffeecalculatorUITests.m */,
				89AF819B1CCA96FA0030E6C1 /* Info.plist */,
			);
			path = CoffeecalculatorUITests;
			sourceTree = "<group>";
		};
/* End PBXGroup section */

/* Begin PBXNativeTarget section */
		89AF816D1CCA96FA0030E6C1 /* Coffeecalculator */ = {
			isa = PBXNativeTarget;
			buildConfigurationList = 89AF819E1CCA96FA0030E6C1 /* Build configuration list for PBXNativeTarget "Coffeecalculator" */;
			buildPhases = (
				89AF816A1CCA96FA0030E6C1 /* Sources */,
				89AF816B1CCA96FA0030E6C1 /* Frameworks */,
				89AF816C1CCA96FA0030E6C1 /* Resources */,
			);
			buildRules = (
			);
			dependencies = (
			);
			name = Coffeecalculator;
			productName = Coffeecalculator;
			productReference = 89AF816E1CCA96FA0030E6C1 /* Coffeecalculator.app */;
			productType = "com.apple.product-type.application";
		};
		89AF81891CCA96FA0030E6C1 /* CoffeecalculatorTests */ = {
			isa = PBXNativeTarget;
			buildConfigurationList = 89AF81A11CCA96FA0030E6C1 /* Build configuration list for PBXNativeTarget "CoffeecalculatorTests" */;
			buildPhases = (
				89AF81861CCA96FA0030E6C1 /* Sources */,
				89AF81871CCA96FA0030E6C1 /* Frameworks */,
				89AF81881CCA96FA0030E6C1 /* Resources */,
			);
			buildRules = (
			);
			dependencies = (
				89AF818C1CCA96FA0030E6C1 /* PBXTargetDependency */,
			);
			name = CoffeecalculatorTests;
			productName = CoffeecalculatorTests;
			productReference = 89AF818A1CCA96FA0030E6C1 /* CoffeecalculatorTests.xctest */;
			productType = "com.apple.product-type.bundle.unit-test";
		};
		89AF81941CCA96FA0030E6C1 /* CoffeecalculatorUITests */ = {
			isa = PBXNativeTarget;
			buildConfigurationList = 89AF81A41CCA96FA0030E6C1 /* Build configuration list for PBXNativeTarget "CoffeecalculatorUITests" */;
			buildPhases = (
				89AF81911CCA96FA0030E6C1 /* Sources */,
				89AF81921CCA96FA0030E6C1 /* Frameworks */,
				89AF81931CCA96FA0030E6C1 /* Resources */,
			);
			buildRules = (
			);
			dependencies = (
				89AF81971CCA96FA0030E6C1 /* PBXTargetDependency */,
			);
			name = CoffeecalculatorUITests;
			productName = CoffeecalculatorUITests;
			productReference = 89AF81951CCA96FA0030E6C1 /* CoffeecalculatorUITests.xctest */;
			productType = "com.apple.product-type.bundle.ui-testing";
		};
/* End PBXNativeTarget section */

/* Begin PBXProject section */
		89AF81661CCA96FA0030E6C1 /* Project object */ = {
			isa = PBXProject;
			attributes = {
				LastUpgradeCheck = 0700;
				ORGANIZATIONNAME = febriaroosita;
				TargetAttributes = {
					89AF816D1CCA96FA0030E6C1 = {
						CreatedOnToolsVersion = 7.0;
					};
					89AF81891CCA96FA0030E6C1 = {
						CreatedOnToolsVersion = 7.0;
						TestTargetID = 89AF816D1CCA96FA0030E6C1;
					};
					89AF81941CCA96FA0030E6C1 = {
						CreatedOnToolsVersion = 7.0;
						TestTargetID = 89AF816D1CCA96FA0030E6C1;
					};
				};
			};
			buildConfigurationList = 89AF81691CCA96FA0030E6C1 /* Build configuration list for PBXProject "Coffeecalculator" */;
			compatibilityVersion = "Xcode 3.2";
			developmentRegion = English;
			hasScannedForEncodings = 0;
			knownRegions = (
				en,
				Base,
			);
			mainGroup = 89AF81651CCA96FA0030E6C1;
			productRefGroup = 89AF816F1CCA96FA0030E6C1 /* Products */;
			projectDirPath = "";
			projectRoot = "";
			targets = (
				89AF816D1CCA96FA0030E6C1 /* Coffeecalculator */,
				89AF81891CCA96FA0030E6C1 /* CoffeecalculatorTests */,
				89AF81941CCA96FA0030E6C1 /* CoffeecalculatorUITests */,
			);
		};
/* End PBXProject section */

/* Begin PBXResourcesBuildPhase section */
		89AF816C1CCA96FA0030E6C1 /* Resources */ = {
			isa = PBXResourcesBuildPhase;
			buildActionMask = 2147483647;
			files = (
				89AF81841CCA96FA0030E6C1 /* LaunchScreen.storyboard in Resources */,
				89AF81811CCA96FA0030E6C1 /* Assets.xcassets in Resources */,
				89AF817C1CCA96FA0030E6C1 /* Main.storyboard in Resources */,
			);
			runOnlyForDeploymentPostprocessing = 0;
		};
		89AF81881CCA96FA0030E6C1 /* Resources */ = {
			isa = PBXResourcesBuildPhase;
			buildActionMask = 2147483647;
			files = (
			);
			runOnlyForDeploymentPostprocessing = 0;
		};
		89AF81931CCA96FA0030E6C1 /* Resources */ = {
			isa = PBXResourcesBuildPhase;
			buildActionMask = 2147483647;
			files = (
			);
			runOnlyForDeploymentPostprocessing = 0;
		};
/* End PBXResourcesBuildPhase section */

/* Begin PBXSourcesBuildPhase section */
		89AF816A1CCA96FA0030E6C1 /* Sources */ = {
			isa = PBXSourcesBuildPhase;
			buildActionMask = 2147483647;
			files = (
				89AF81791CCA96FA0030E6C1 /* ViewController.m in Sources */,
				89AF81761CCA96FA0030E6C1 /* AppDelegate.m in Sources */,
				89AF81731CCA96FA0030E6C1 /* main.m in Sources */,
				89AF817F1CCA96FA0030E6C1 /* Coffeecalculator.xcdatamodeld in Sources */,
			);
			runOnlyForDeploymentPostprocessing = 0;
		};
		89AF81861CCA96FA0030E6C1 /* Sources */ = {
			isa = PBXSourcesBuildPhase;
			buildActionMask = 2147483647;
			files = (
				89AF818F1CCA96FA0030E6C1 /* CoffeecalculatorTests.m in Sources */,
			);
			runOnlyForDeploymentPostprocessing = 0;
		};
		89AF81911CCA96FA0030E6C1 /* Sources */ = {
			isa = PBXSourcesBuildPhase;
			buildActionMask = 2147483647;
			files = (
				89AF819A1CCA96FA0030E6C1 /* CoffeecalculatorUITests.m in Sources */,
			);
			runOnlyForDeploymentPostprocessing = 0;
		};
/* End PBXSourcesBuildPhase section */

/* Begin PBXTargetDependency section */
		89AF818C1CCA96FA0030E6C1 /* PBXTargetDependency */ = {
			isa = PBXTargetDependency;
			target = 89AF816D1CCA96FA0030E6C1 /* Coffeecalculator */;
			targetProxy = 89AF818B1CCA96FA0030E6C1 /* PBXContainerItemProxy */;
		};
		89AF81971CCA96FA0030E6C1 /* PBXTargetDependency */ = {
			isa = PBXTargetDependency;
			target = 89AF816D1CCA96FA0030E6C1 /* Coffeecalculator */;
			targetProxy = 89AF81961CCA96FA0030E6C1 /* PBXContainerItemProxy */;
		};
/* End PBXTargetDependency section */

/* Begin PBXVariantGroup section */
		89AF817A1CCA96FA0030E6C1 /* Main.storyboard */ = {
			isa = PBXVariantGroup;
			children = (
				89AF817B1CCA96FA0030E6C1 /* Base */,
			);
			name = Main.storyboard;
			sourceTree = "<group>";
		};
		89AF81821CCA96FA0030E6C1 /* LaunchScreen.storyboard */ = {
			isa = PBXVariantGroup;
			children = (
				89AF81831CCA96FA0030E6C1 /* Base */,
			);
			name = LaunchScreen.storyboard;
			sourceTree = "<group>";
		};
/* End PBXVariantGroup section */

/* Begin XCBuildConfiguration section */
		89AF819C1CCA96FA0030E6C1 /* Debug */ = {
			isa = XCBuildConfiguration;
			buildSettings = {
				ALWAYS_SEARCH_USER_PATHS = NO;
				CLANG_CXX_LANGUAGE_STANDARD = "gnu++0x";
				CLANG_CXX_LIBRARY = "libc++";
				CLANG_ENABLE_MODULES = YES;
				CLANG_ENABLE_OBJC_ARC = YES;
				CLANG_WARN_BOOL_CONVERSION = YES;
				CLANG_WARN_CONSTANT_CONVERSION = YES;
				CLANG_WARN_DIRECT_OBJC_ISA_USAGE = YES_ERROR;
				CLANG_WARN_EMPTY_BODY = YES;
				CLANG_WARN_ENUM_CONVERSION = YES;
				CLANG_WARN_INT_CONVERSION = YES;
				CLANG_WARN_OBJC_ROOT_CLASS = YES_ERROR;
				CLANG_WARN_UNREACHABLE_CODE = YES;
				CLANG_WARN__DUPLICATE_METHOD_MATCH = YES;
				"CODE_SIGN_IDENTITY[sdk=iphoneos*]" = "iPhone Developer";
				COPY_PHASE_STRIP = NO;
				DEBUG_INFORMATION_FORMAT = dwarf;
				ENABLE_STRICT_OBJC_MSGSEND = YES;
				ENABLE_TESTABILITY = YES;
				GCC_C_LANGUAGE_STANDARD = gnu99;
				GCC_DYNAMIC_NO_PIC = NO;
				GCC_NO_COMMON_BLOCKS = YES;
				GCC_OPTIMIZATION_LEVEL = 0;
				GCC_PREPROCESSOR_DEFINITIONS = (
					"DEBUG=1",
					"$(inherited)",
				);
				GCC_WARN_64_TO_32_BIT_CONVERSION = YES;
				GCC_WARN_ABOUT_RETURN_TYPE = YES_ERROR;
				GCC_WARN_UNDECLARED_SELECTOR = YES;
				GCC_WARN_UNINITIALIZED_AUTOS = YES_AGGRESSIVE;
				GCC_WARN_UNUSED_FUNCTION = YES;
				GCC_WARN_UNUSED_VARIABLE = YES;
				IPHONEOS_DEPLOYMENT_TARGET = 9.0;
				MTL_ENABLE_DEBUG_INFO = YES;
				ONLY_ACTIVE_ARCH = YES;
				SDKROOT = iphoneos;
			};
			name = Debug;
		};
		89AF819D1CCA96FA0030E6C1 /* Release */ = {
			isa = XCBuildConfiguration;
			buildSettings = {
				ALWAYS_SEARCH_USER_PATHS = NO;
				CLANG_CXX_LANGUAGE_STANDARD = "gnu++0x";
				CLANG_CXX_LIBRARY = "libc++";
				CLANG_ENABLE_MODULES = YES;
				CLANG_ENABLE_OBJC_ARC = YES;
				CLANG_WARN_BOOL_CONVERSION = YES;
				CLANG_WARN_CONSTANT_CONVERSION = YES;
				CLANG_WARN_DIRECT_OBJC_ISA_USAGE = YES_ERROR;
				CLANG_WARN_EMPTY_BODY = YES;
				CLANG_WARN_ENUM_CONVERSION = YES;
				CLANG_WARN_INT_CONVERSION = YES;
				CLANG_WARN_OBJC_ROOT_CLASS = YES_ERROR;
				CLANG_WARN_UNREACHABLE_CODE = YES;
				CLANG_WARN__DUPLICATE_METHOD_MATCH = YES;
				"CODE_SIGN_IDENTITY[sdk=iphoneos*]" = "iPhone Developer";
				COPY_PHASE_STRIP = NO;
				DEBUG_INFORMATION_FORMAT = "dwarf-with-dsym";
				ENABLE_NS_ASSERTIONS = NO;
				ENABLE_STRICT_OBJC_MSGSEND = YES;
				GCC_C_LANGUAGE_STANDARD = gnu99;
				GCC_NO_COMMON_BLOCKS = YES;
				GCC_WARN_64_TO_32_BIT_CONVERSION = YES;
				GCC_WARN_ABOUT_RETURN_TYPE = YES_ERROR;
				GCC_WARN_UNDECLARED_SELECTOR = YES;
				GCC_WARN_UNINITIALIZED_AUTOS = YES_AGGRESSIVE;
				GCC_WARN_UNUSED_FUNCTION = YES;
				GCC_WARN_UNUSED_VARIABLE = YES;
				IPHONEOS_DEPLOYMENT_TARGET = 9.0;
				MTL_ENABLE_DEBUG_INFO = NO;
				SDKROOT = iphoneos;
				VALIDATE_PRODUCT = YES;
			};
			name = Release;
		};
		89AF819F1CCA96FA0030E6C1 /* Debug */ = {
			isa = XCBuildConfiguration;
			buildSettings = {
				ASSETCATALOG_COMPILER_APPICON_NAME = AppIcon;
				INFOPLIST_FILE = Coffeecalculator/Info.plist;
				LD_RUNPATH_SEARCH_PATHS = "$(inherited) @executable_path/Frameworks";
				PRODUCT_BUNDLE_IDENTIFIER = com.febriaroosita.Coffeecalculator;
				PRODUCT_NAME = "$(TARGET_NAME)";
			};
			name = Debug;
		};
		89AF81A01CCA96FA0030E6C1 /* Release */ = {
			isa = XCBuildConfiguration;
			buildSettings = {
				ASSETCATALOG_COMPILER_APPICON_NAME = AppIcon;
				INFOPLIST_FILE = Coffeecalculator/Info.plist;
				LD_RUNPATH_SEARCH_PATHS = "$(inherited) @executable_path/Frameworks";
				PRODUCT_BUNDLE_IDENTIFIER = com.febriaroosita.Coffeecalculator;
				PRODUCT_NAME = "$(TARGET_NAME)";
			};
			name = Release;
		};
		89AF81A21CCA96FA0030E6C1 /* Debug */ = {
			isa = XCBuildConfiguration;
			buildSettings = {
				BUNDLE_LOADER = "$(TEST_HOST)";
				INFOPLIST_FILE = CoffeecalculatorTests/Info.plist;
				LD_RUNPATH_SEARCH_PATHS = "$(inherited) @executable_path/Frameworks @loader_path/Frameworks";
				PRODUCT_BUNDLE_IDENTIFIER = com.febriaroosita.CoffeecalculatorTests;
				PRODUCT_NAME = "$(TARGET_NAME)";
				TEST_HOST = "$(BUILT_PRODUCTS_DIR)/Coffeecalculator.app/Coffeecalculator";
			};
			name = Debug;
		};
		89AF81A31CCA96FA0030E6C1 /* Release */ = {
			isa = XCBuildConfiguration;
			buildSettings = {
				BUNDLE_LOADER = "$(TEST_HOST)";
				INFOPLIST_FILE = CoffeecalculatorTests/Info.plist;
				LD_RUNPATH_SEARCH_PATHS = "$(inherited) @executable_path/Frameworks @loader_path/Frameworks";
				PRODUCT_BUNDLE_IDENTIFIER = com.febriaroosita.CoffeecalculatorTests;
				PRODUCT_NAME = "$(TARGET_NAME)";
				TEST_HOST = "$(BUILT_PRODUCTS_DIR)/Coffeecalculator.app/Coffeecalculator";
			};
			name = Release;
		};
		89AF81A51CCA96FA0030E6C1 /* Debug */ = {
			isa = XCBuildConfiguration;
			buildSettings = {
				INFOPLIST_FILE = CoffeecalculatorUITests/Info.plist;
				LD_RUNPATH_SEARCH_PATHS = "$(inherited) @executable_path/Frameworks @loader_path/Frameworks";
				PRODUCT_BUNDLE_IDENTIFIER = com.febriaroosita.CoffeecalculatorUITests;
				PRODUCT_NAME = "$(TARGET_NAME)";
				TEST_TARGET_NAME = Coffeecalculator;
				USES_XCTRUNNER = YES;
			};
			name = Debug;
		};
		89AF81A61CCA96FA0030E6C1 /* Release */ = {
			isa = XCBuildConfiguration;
			buildSettings = {
				INFOPLIST_FILE = CoffeecalculatorUITests/Info.plist;
				LD_RUNPATH_SEARCH_PATHS = "$(inherited) @executable_path/Frameworks @loader_path/Frameworks";
				PRODUCT_BUNDLE_IDENTIFIER = com.febriaroosita.CoffeecalculatorUITests;
				PRODUCT_NAME = "$(TARGET_NAME)";
				TEST_TARGET_NAME = Coffeecalculator;
				USES_XCTRUNNER = YES;
			};
			name = Release;
		};
/* End XCBuildConfiguration section */

/* Begin XCConfigurationList section */
		89AF81691CCA96FA0030E6C1 /* Build configuration list for PBXProject "Coffeecalculator" */ = {
			isa = XCConfigurationList;
			buildConfigurations = (
				89AF819C1CCA96FA0030E6C1 /* Debug */,
				89AF819D1CCA96FA0030E6C1 /* Release */,
			);
			defaultConfigurationIsVisible = 0;
			defaultConfigurationName = Release;
		};
		89AF819E1CCA96FA0030E6C1 /* Build configuration list for PBXNativeTarget "Coffeecalculator" */ = {
			isa = XCConfigurationList;
			buildConfigurations = (
				89AF819F1CCA96FA0030E6C1 /* Debug */,
				89AF81A01CCA96FA0030E6C1 /* Release */,
			);
			defaultConfigurationIsVisible = 0;
		};
		89AF81A11CCA96FA0030E6C1 /* Build configuration list for PBXNativeTarget "CoffeecalculatorTests" */ = {
			isa = XCConfigurationList;
			buildConfigurations = (
				89AF81A21CCA96FA0030E6C1 /* Debug */,
				89AF81A31CCA96FA0030E6C1 /* Release */,
			);
			defaultConfigurationIsVisible = 0;
		};
		89AF81A41CCA96FA0030E6C1 /* Build configuration list for PBXNativeTarget "CoffeecalculatorUITests" */ = {
			isa = XCConfigurationList;
			buildConfigurations = (
				89AF81A51CCA96FA0030E6C1 /* Debug */,
				89AF81A61CCA96FA0030E6C1 /* Release */,
			);
			defaultConfigurationIsVisible = 0;
		};
/* End XCConfigurationList section */

/* Begin XCVersionGroup section */
		89AF817D1CCA96FA0030E6C1 /* Coffeecalculator.xcdatamodeld */ = {
			isa = XCVersionGroup;
			children = (
				89AF817E1CCA96FA0030E6C1 /* Coffeecalculator.xcdatamodel */,
			);
			currentVersion = 89AF817E1CCA96FA0030E6C1 /* Coffeecalculator.xcdatamodel */;
			path = Coffeecalculator.xcdatamodeld;
			sourceTree = "<group>";
			versionGroupType = wrapper.xcdatamodel;
		};
/* End XCVersionGroup section */
	};
	rootObject = 89AF81661CCA96FA0030E6C1 /* Project object */;
}
